// !$*UTF8*$!
{
	archiveVersion = 1;
	classes = {
	};
	objectVersion = 46;
	objects = {

/* Begin PBXBuildFile section */
		3CB2E26D158916220079FA98 /* UIKit.framework in Frameworks */ = {isa = PBXBuildFile; fileRef = 3CB2E26C158916220079FA98 /* UIKit.framework */; };
		3CB2E26F158916220079FA98 /* Foundation.framework in Frameworks */ = {isa = PBXBuildFile; fileRef = 3CB2E26E158916220079FA98 /* Foundation.framework */; };
		3CB2E271158916220079FA98 /* CoreGraphics.framework in Frameworks */ = {isa = PBXBuildFile; fileRef = 3CB2E270158916220079FA98 /* CoreGraphics.framework */; };
		3CB2E277158916220079FA98 /* InfoPlist.strings in Resources */ = {isa = PBXBuildFile; fileRef = 3CB2E275158916220079FA98 /* InfoPlist.strings */; };
		3CB2E279158916220079FA98 /* main.m in Sources */ = {isa = PBXBuildFile; fileRef = 3CB2E278158916220079FA98 /* main.m */; };
		3CB2E27D158916220079FA98 /* AppDelegate.m in Sources */ = {isa = PBXBuildFile; fileRef = 3CB2E27C158916220079FA98 /* AppDelegate.m */; };
		3CB2E280158916220079FA98 /* MainStoryboard.storyboard in Resources */ = {isa = PBXBuildFile; fileRef = 3CB2E27E158916220079FA98 /* MainStoryboard.storyboard */; };
		3CB2E283158916220079FA98 /* ViewController.m in Sources */ = {isa = PBXBuildFile; fileRef = 3CB2E282158916220079FA98 /* ViewController.m */; };
		3CE7B7E71589B0FA00C52CED /* faseyha.ttf in Resources */ = {isa = PBXBuildFile; fileRef = 3CE7B7E21589B0FA00C52CED /* faseyha.ttf */; };
		3CE7B7E81589B0FA00C52CED /* ThaanaDelegate.m in Sources */ = {isa = PBXBuildFile; fileRef = 3CE7B7E41589B0FA00C52CED /* ThaanaDelegate.m */; };
		3CE7B7E91589B0FA00C52CED /* ThaanaTextView.m in Sources */ = {isa = PBXBuildFile; fileRef = 3CE7B7E61589B0FA00C52CED /* ThaanaTextView.m */; };
		804C27D11770460600DBDD64 /* Default-568h@2x.png in Resources */ = {isa = PBXBuildFile; fileRef = 804C27D01770460600DBDD64 /* Default-568h@2x.png */; };
/* End PBXBuildFile section */

/* Begin PBXFileReference section */
		3CB2E268158916220079FA98 /* ThaanaTextViewDemo.app */ = {isa = PBXFileReference; explicitFileType = wrapper.application; includeInIndex = 0; path = ThaanaTextViewDemo.app; sourceTree = BUILT_PRODUCTS_DIR; };
		3CB2E26C158916220079FA98 /* UIKit.framework */ = {isa = PBXFileReference; lastKnownFileType = wrapper.framework; name = UIKit.framework; path = System/Library/Frameworks/UIKit.framework; sourceTree = SDKROOT; };
		3CB2E26E158916220079FA98 /* Foundation.framework */ = {isa = PBXFileReference; lastKnownFileType = wrapper.framework; name = Foundation.framework; path = System/Library/Frameworks/Foundation.framework; sourceTree = SDKROOT; };
		3CB2E270158916220079FA98 /* CoreGraphics.framework */ = {isa = PBXFileReference; lastKnownFileType = wrapper.framework; name = CoreGraphics.framework; path = System/Library/Frameworks/CoreGraphics.framework; sourceTree = SDKROOT; };
		3CB2E274158916220079FA98 /* ThaanaTextViewDemo-Info.plist */ = {isa = PBXFileReference; lastKnownFileType = text.plist.xml; path = "ThaanaTextViewDemo-Info.plist"; sourceTree = "<group>"; };
		3CB2E276158916220079FA98 /* en */ = {isa = PBXFileReference; lastKnownFileType = text.plist.strings; name = en; path = en.lproj/InfoPlist.strings; sourceTree = "<group>"; };
		3CB2E278158916220079FA98 /* main.m */ = {isa = PBXFileReference; lastKnownFileType = sourcecode.c.objc; path = main.m; sourceTree = "<group>"; };
		3CB2E27A158916220079FA98 /* ThaanaTextViewDemo-Prefix.pch */ = {isa = PBXFileReference; lastKnownFileType = sourcecode.c.h; path = "ThaanaTextViewDemo-Prefix.pch"; sourceTree = "<group>"; };
		3CB2E27B158916220079FA98 /* AppDelegate.h */ = {isa = PBXFileReference; lastKnownFileType = sourcecode.c.h; path = AppDelegate.h; sourceTree = "<group>"; };
		3CB2E27C158916220079FA98 /* AppDelegate.m */ = {isa = PBXFileReference; lastKnownFileType = sourcecode.c.objc; path = AppDelegate.m; sourceTree = "<group>"; };
		3CB2E27F158916220079FA98 /* en */ = {isa = PBXFileReference; lastKnownFileType = file.storyboard; name = en; path = en.lproj/MainStoryboard.storyboard; sourceTree = "<group>"; };
		3CB2E281158916220079FA98 /* ViewController.h */ = {isa = PBXFileReference; lastKnownFileType = sourcecode.c.h; path = ViewController.h; sourceTree = "<group>"; };
		3CB2E282158916220079FA98 /* ViewController.m */ = {isa = PBXFileReference; lastKnownFileType = sourcecode.c.objc; path = ViewController.m; sourceTree = "<group>"; };
		3CE7B7E21589B0FA00C52CED /* faseyha.ttf */ = {isa = PBXFileReference; lastKnownFileType = file; path = faseyha.ttf; sourceTree = "<group>"; };
		3CE7B7E31589B0FA00C52CED /* ThaanaDelegate.h */ = {isa = PBXFileReference; fileEncoding = 4; lastKnownFileType = sourcecode.c.h; path = ThaanaDelegate.h; sourceTree = "<group>"; };
		3CE7B7E41589B0FA00C52CED /* ThaanaDelegate.m */ = {isa = PBXFileReference; fileEncoding = 4; lastKnownFileType = sourcecode.c.objc; path = ThaanaDelegate.m; sourceTree = "<group>"; };
		3CE7B7E51589B0FA00C52CED /* ThaanaTextView.h */ = {isa = PBXFileReference; fileEncoding = 4; lastKnownFileType = sourcecode.c.h; path = ThaanaTextView.h; sourceTree = "<group>"; };
		3CE7B7E61589B0FA00C52CED /* ThaanaTextView.m */ = {isa = PBXFileReference; fileEncoding = 4; lastKnownFileType = sourcecode.c.objc; path = ThaanaTextView.m; sourceTree = "<group>"; };
		804C27D01770460600DBDD64 /* Default-568h@2x.png */ = {isa = PBXFileReference; lastKnownFileType = image.png; path = "Default-568h@2x.png"; sourceTree = "<group>"; };
/* End PBXFileReference section */

/* Begin PBXFrameworksBuildPhase section */
		3CB2E265158916220079FA98 /* Frameworks */ = {
			isa = PBXFrameworksBuildPhase;
			buildActionMask = 2147483647;
			files = (
				3CB2E26D158916220079FA98 /* UIKit.framework in Frameworks */,
				3CB2E26F158916220079FA98 /* Foundation.framework in Frameworks */,
				3CB2E271158916220079FA98 /* CoreGraphics.framework in Frameworks */,
			);
			runOnlyForDeploymentPostprocessing = 0;
		};
/* End PBXFrameworksBuildPhase section */

/* Begin PBXGroup section */
		3CB2E25D158916220079FA98 = {
			isa = PBXGroup;
			children = (
				804C27D01770460600DBDD64 /* Default-568h@2x.png */,
				3CE7B7E11589B0FA00C52CED /* ThaanaTextView */,
				3CB2E272158916220079FA98 /* ThaanaViewDemo */,
				3CB2E26B158916220079FA98 /* Frameworks */,
				3CB2E269158916220079FA98 /* Products */,
			);
			sourceTree = "<group>";
		};
		3CB2E269158916220079FA98 /* Products */ = {
			isa = PBXGroup;
			children = (
				3CB2E268158916220079FA98 /* ThaanaTextViewDemo.app */,
			);
			name = Products;
			sourceTree = "<group>";
		};
		3CB2E26B158916220079FA98 /* Frameworks */ = {
			isa = PBXGroup;
			children = (
				3CB2E26C158916220079FA98 /* UIKit.framework */,
				3CB2E26E158916220079FA98 /* Foundation.framework */,
				3CB2E270158916220079FA98 /* CoreGraphics.framework */,
			);
			name = Frameworks;
			sourceTree = "<group>";
		};
		3CB2E272158916220079FA98 /* ThaanaViewDemo */ = {
			isa = PBXGroup;
			children = (
				3CB2E27B158916220079FA98 /* AppDelegate.h */,
				3CB2E27C158916220079FA98 /* AppDelegate.m */,
				3CB2E27E158916220079FA98 /* MainStoryboard.storyboard */,
				3CB2E281158916220079FA98 /* ViewController.h */,
				3CB2E282158916220079FA98 /* ViewController.m */,
				3CB2E273158916220079FA98 /* Supporting Files */,
			);
			name = ThaanaViewDemo;
			path = ThaanaTextField;
			sourceTree = "<group>";
		};
		3CB2E273158916220079FA98 /* Supporting Files */ = {
			isa = PBXGroup;
			children = (
				3CB2E274158916220079FA98 /* ThaanaTextViewDemo-Info.plist */,
				3CB2E275158916220079FA98 /* InfoPlist.strings */,
				3CB2E278158916220079FA98 /* main.m */,
				3CB2E27A158916220079FA98 /* ThaanaTextViewDemo-Prefix.pch */,
			);
			name = "Supporting Files";
			sourceTree = "<group>";
		};
		3CE7B7E11589B0FA00C52CED /* ThaanaTextView */ = {
			isa = PBXGroup;
			children = (
				3CE7B7E21589B0FA00C52CED /* faseyha.ttf */,
				3CE7B7E31589B0FA00C52CED /* ThaanaDelegate.h */,
				3CE7B7E41589B0FA00C52CED /* ThaanaDelegate.m */,
				3CE7B7E51589B0FA00C52CED /* ThaanaTextView.h */,
				3CE7B7E61589B0FA00C52CED /* ThaanaTextView.m */,
			);
			name = ThaanaTextView;
			path = ThaanaTextField/ThaanaTextView;
			sourceTree = "<group>";
		};
/* End PBXGroup section */

/* Begin PBXNativeTarget section */
		3CB2E267158916220079FA98 /* ThaanaTextViewDemo */ = {
			isa = PBXNativeTarget;
			buildConfigurationList = 3CB2E286158916220079FA98 /* Build configuration list for PBXNativeTarget "ThaanaTextViewDemo" */;
			buildPhases = (
				3CB2E264158916220079FA98 /* Sources */,
				3CB2E265158916220079FA98 /* Frameworks */,
				3CB2E266158916220079FA98 /* Resources */,
			);
			buildRules = (
			);
			dependencies = (
			);
			name = ThaanaTextViewDemo;
			productName = ThaanaTextField;
			productReference = 3CB2E268158916220079FA98 /* ThaanaTextViewDemo.app */;
			productType = "com.apple.product-type.application";
		};
/* End PBXNativeTarget section */

/* Begin PBXProject section */
		3CB2E25F158916220079FA98 /* Project object */ = {
			isa = PBXProject;
			attributes = {
				LastUpgradeCheck = 0430;
			};
			buildConfigurationList = 3CB2E262158916220079FA98 /* Build configuration list for PBXProject "ThaanaTextViewDemo" */;
			compatibilityVersion = "Xcode 3.2";
			developmentRegion = English;
			hasScannedForEncodings = 0;
			knownRegions = (
				en,
			);
			mainGroup = 3CB2E25D158916220079FA98;
			productRefGroup = 3CB2E269158916220079FA98 /* Products */;
			projectDirPath = "";
			projectRoot = "";
			targets = (
				3CB2E267158916220079FA98 /* ThaanaTextViewDemo */,
			);
		};
/* End PBXProject section */

/* Begin PBXResourcesBuildPhase section */
		3CB2E266158916220079FA98 /* Resources */ = {
			isa = PBXResourcesBuildPhase;
			buildActionMask = 2147483647;
			files = (
				3CB2E277158916220079FA98 /* InfoPlist.strings in Resources */,
				3CB2E280158916220079FA98 /* MainStoryboard.storyboard in Resources */,
				3CE7B7E71589B0FA00C52CED /* faseyha.ttf in Resources */,
				804C27D11770460600DBDD64 /* Default-568h@2x.png in Resources */,
			);
			runOnlyForDeploymentPostprocessing = 0;
		};
/* End PBXResourcesBuildPhase section */

/* Begin PBXSourcesBuildPhase section */
		3CB2E264158916220079FA98 /* Sources */ = {
			isa = PBXSourcesBuildPhase;
			buildActionMask = 2147483647;
			files = (
				3CB2E279158916220079FA98 /* main.m in Sources */,
				3CB2E27D158916220079FA98 /* AppDelegate.m in Sources */,
				3CB2E283158916220079FA98 /* ViewController.m in Sources */,
				3CE7B7E81589B0FA00C52CED /* ThaanaDelegate.m in Sources */,
				3CE7B7E91589B0FA00C52CED /* ThaanaTextView.m in Sources */,
			);
			runOnlyForDeploymentPostprocessing = 0;
		};
/* End PBXSourcesBuildPhase section */

/* Begin PBXVariantGroup section */
		3CB2E275158916220079FA98 /* InfoPlist.strings */ = {
			isa = PBXVariantGroup;
			children = (
				3CB2E276158916220079FA98 /* en */,
			);
			name = InfoPlist.strings;
			sourceTree = "<group>";
		};
		3CB2E27E158916220079FA98 /* MainStoryboard.storyboard */ = {
			isa = PBXVariantGroup;
			children = (
				3CB2E27F158916220079FA98 /* en */,
			);
			name = MainStoryboard.storyboard;
			sourceTree = "<group>";
		};
/* End PBXVariantGroup section */

/* Begin XCBuildConfiguration section */
		3CB2E284158916220079FA98 /* Debug */ = {
			isa = XCBuildConfiguration;
			buildSettings = {
				ALWAYS_SEARCH_USER_PATHS = NO;
				ARCHS = "$(ARCHS_STANDARD_32_BIT)";
				CLANG_ENABLE_OBJC_ARC = YES;
				"CODE_SIGN_IDENTITY[sdk=iphoneos*]" = "iPhone Developer";
				COPY_PHASE_STRIP = NO;
				GCC_C_LANGUAGE_STANDARD = gnu99;
				GCC_DYNAMIC_NO_PIC = NO;
				GCC_OPTIMIZATION_LEVEL = 0;
				GCC_PREPROCESSOR_DEFINITIONS = (
					"DEBUG=1",
					"$(inherited)",
				);
				GCC_SYMBOLS_PRIVATE_EXTERN = NO;
				GCC_VERSION = com.apple.compilers.llvm.clang.1_0;
				GCC_WARN_ABOUT_RETURN_TYPE = YES;
				GCC_WARN_UNINITIALIZED_AUTOS = YES;
				GCC_WARN_UNUSED_VARIABLE = YES;
				IPHONEOS_DEPLOYMENT_TARGET = 5.1;
				SDKROOT = iphoneos;
			};
			name = Debug;
		};
		3CB2E285158916220079FA98 /* Release */ = {
			isa = XCBuildConfiguration;
			buildSettings = {
				ALWAYS_SEARCH_USER_PATHS = NO;
				ARCHS = "$(ARCHS_STANDARD_32_BIT)";
				CLANG_ENABLE_OBJC_ARC = YES;
				"CODE_SIGN_IDENTITY[sdk=iphoneos*]" = "iPhone Developer";
				COPY_PHASE_STRIP = YES;
				GCC_C_LANGUAGE_STANDARD = gnu99;
				GCC_VERSION = com.apple.compilers.llvm.clang.1_0;
				GCC_WARN_ABOUT_RETURN_TYPE = YES;
				GCC_WARN_UNINITIALIZED_AUTOS = YES;
				GCC_WARN_UNUSED_VARIABLE = YES;
				IPHONEOS_DEPLOYMENT_TARGET = 5.1;
				OTHER_CFLAGS = "-DNS_BLOCK_ASSERTIONS=1";
				SDKROOT = iphoneos;
				VALIDATE_PRODUCT = YES;
			};
			name = Release;
		};
		3CB2E287158916220079FA98 /* Debug */ = {
			isa = XCBuildConfiguration;
			buildSettings = {
				CLANG_ENABLE_OBJC_ARC = YES;
				GCC_PRECOMPILE_PREFIX_HEADER = YES;
				GCC_PREFIX_HEADER = "ThaanaTextField/ThaanaTextViewDemo-Prefix.pch";
				INFOPLIST_FILE = "ThaanaTextField/ThaanaTextViewDemo-Info.plist";
				IPHONEOS_DEPLOYMENT_TARGET = 6.1;
				PRODUCT_NAME = ThaanaTextViewDemo;
				WRAPPER_EXTENSION = app;
			};
			name = Debug;
		};
		3CB2E288158916220079FA98 /* Release */ = {
			isa = XCBuildConfiguration;
			buildSettings = {
				CLANG_ENABLE_OBJC_ARC = YES;
				GCC_PRECOMPILE_PREFIX_HEADER = YES;
				GCC_PREFIX_HEADER = "ThaanaTextField/ThaanaTextViewDemo-Prefix.pch";
				INFOPLIST_FILE = "ThaanaTextField/ThaanaTextViewDemo-Info.plist";
				IPHONEOS_DEPLOYMENT_TARGET = 6.1;
				PRODUCT_NAME = ThaanaTextViewDemo;
				WRAPPER_EXTENSION = app;
			};
			name = Release;
		};
/* End XCBuildConfiguration section */

/* Begin XCConfigurationList section */
		3CB2E262158916220079FA98 /* Build configuration list for PBXProject "ThaanaTextViewDemo" */ = {
			isa = XCConfigurationList;
			buildConfigurations = (
				3CB2E284158916220079FA98 /* Debug */,
				3CB2E285158916220079FA98 /* Release */,
			);
			defaultConfigurationIsVisible = 0;
			defaultConfigurationName = Release;
		};
		3CB2E286158916220079FA98 /* Build configuration list for PBXNativeTarget "ThaanaTextViewDemo" */ = {
			isa = XCConfigurationList;
			buildConfigurations = (
				3CB2E287158916220079FA98 /* Debug */,
				3CB2E288158916220079FA98 /* Release */,
			);
			defaultConfigurationIsVisible = 0;
			defaultConfigurationName = Release;
		};
/* End XCConfigurationList section */
	};
	rootObject = 3CB2E25F158916220079FA98 /* Project object */;
}
